
Microsoft Visual Studio Solution File, Format Version 12.00
# Visual Studio Version 17
VisualStudioVersion = 17.13.35931.197 d17.13
MinimumVisualStudioVersion = 10.0.40219.1
Project("{FAE04EC0-301F-11D3-BF4B-00C04F79EFBC}") = "PointixApp", "PointixApp\PointixApp.csproj", "{3022F1E1-F278-43BE-A6E7-B9E5FC7071C9}"
EndProject
Global
	GlobalSection(SolutionConfigurationPlatforms) = preSolution
		Debug|Any CPU = Debug|Any CPU
		Release|Any CPU = Release|Any CPU
	EndGlobalSection
	GlobalSection(ProjectConfigurationPlatforms) = postSolution
		{3022F1E1-F278-43BE-A6E7-B9E5FC7071C9}.Debug|Any CPU.ActiveCfg = Debug|Any CPU
		{3022F1E1-F278-43BE-A6E7-B9E5FC7071C9}.Debug|Any CPU.Build.0 = Debug|Any CPU
		{3022F1E1-F278-43BE-A6E7-B9E5FC7071C9}.Release|Any CPU.ActiveCfg = Release|Any CPU
		{3022F1E1-F278-43BE-A6E7-B9E5FC7071C9}.Release|Any CPU.Build.0 = Release|Any CPU
	EndGlobalSection
	GlobalSection(SolutionProperties) = preSolution
		HideSolutionNode = FALSE
	EndGlobalSection
	GlobalSection(ExtensibilityGlobals) = postSolution
		SolutionGuid = {D07D83C2-5410-4C5A-9CC7-04983B8DF14F}
	EndGlobalSection
EndGlobal
